
Microsoft Visual Studio Solution File, Format Version 12.00
# Visual Studio Version 17
VisualStudioVersion = 17.8.34309.116
MinimumVisualStudioVersion = 10.0.40219.1
Project("{FAE04EC0-301F-11D3-BF4B-00C04F79EFBC}") = "LayoutPractice", "LayoutPractice\LayoutPractice.csproj", "{950F1C30-D0E8-4E34-87F8-788EEB3291D7}"
EndProject
Project("{FAE04EC0-301F-11D3-BF4B-00C04F79EFBC}") = "DataBindingOneObject", "DataBindingOneObject\DataBindingOneObject.csproj", "{12AD2E5F-03B2-4E92-BC94-C775137AB998}"
EndProject
Global
	GlobalSection(SolutionConfigurationPlatforms) = preSolution
		Debug|Any CPU = Debug|Any CPU
		Release|Any CPU = Release|Any CPU
	EndGlobalSection
	GlobalSection(ProjectConfigurationPlatforms) = postSolution
		{950F1C30-D0E8-4E34-87F8-788EEB3291D7}.Debug|Any CPU.ActiveCfg = Debug|Any CPU
		{950F1C30-D0E8-4E34-87F8-788EEB3291D7}.Debug|Any CPU.Build.0 = Debug|Any CPU
		{950F1C30-D0E8-4E34-87F8-788EEB3291D7}.Release|Any CPU.ActiveCfg = Release|Any CPU
		{950F1C30-D0E8-4E34-87F8-788EEB3291D7}.Release|Any CPU.Build.0 = Release|Any CPU
		{12AD2E5F-03B2-4E92-BC94-C775137AB998}.Debug|Any CPU.ActiveCfg = Debug|Any CPU
		{12AD2E5F-03B2-4E92-BC94-C775137AB998}.Debug|Any CPU.Build.0 = Debug|Any CPU
		{12AD2E5F-03B2-4E92-BC94-C775137AB998}.Release|Any CPU.ActiveCfg = Release|Any CPU
		{12AD2E5F-03B2-4E92-BC94-C775137AB998}.Release|Any CPU.Build.0 = Release|Any CPU
	EndGlobalSection
	GlobalSection(SolutionProperties) = preSolution
		HideSolutionNode = FALSE
	EndGlobalSection
	GlobalSection(ExtensibilityGlobals) = postSolution
		SolutionGuid = {0F3E3126-567E-4FA3-BF12-292DD4DC4C43}
	EndGlobalSection
EndGlobal
