
Microsoft Visual Studio Solution File, Format Version 12.00
# Visual Studio Version 17
VisualStudioVersion = 17.7.34024.191
MinimumVisualStudioVersion = 10.0.40219.1
Project("{9A19103F-16F7-4668-BE54-9A1E7A4F7556}") = "InspiringQuotes", "InspiringQuotes\InspiringQuotes.csproj", "{8FE6E687-1F3B-47DE-97B4-6B85246F026F}"
EndProject
Project("{FAE04EC0-301F-11D3-BF4B-00C04F79EFBC}") = "EnglishVocabulary", "EnglishVocabulary\EnglishVocabulary.csproj", "{268085C5-8431-4BAA-8F3B-06F877770510}"
EndProject
Global
	GlobalSection(SolutionConfigurationPlatforms) = preSolution
		Debug|Any CPU = Debug|Any CPU
		Release|Any CPU = Release|Any CPU
	EndGlobalSection
	GlobalSection(ProjectConfigurationPlatforms) = postSolution
		{8FE6E687-1F3B-47DE-97B4-6B85246F026F}.Debug|Any CPU.ActiveCfg = Debug|Any CPU
		{8FE6E687-1F3B-47DE-97B4-6B85246F026F}.Debug|Any CPU.Build.0 = Debug|Any CPU
		{8FE6E687-1F3B-47DE-97B4-6B85246F026F}.Release|Any CPU.ActiveCfg = Release|Any CPU
		{8FE6E687-1F3B-47DE-97B4-6B85246F026F}.Release|Any CPU.Build.0 = Release|Any CPU
		{268085C5-8431-4BAA-8F3B-06F877770510}.Debug|Any CPU.ActiveCfg = Debug|Any CPU
		{268085C5-8431-4BAA-8F3B-06F877770510}.Debug|Any CPU.Build.0 = Debug|Any CPU
		{268085C5-8431-4BAA-8F3B-06F877770510}.Release|Any CPU.ActiveCfg = Release|Any CPU
		{268085C5-8431-4BAA-8F3B-06F877770510}.Release|Any CPU.Build.0 = Release|Any CPU
	EndGlobalSection
	GlobalSection(SolutionProperties) = preSolution
		HideSolutionNode = FALSE
	EndGlobalSection
	GlobalSection(ExtensibilityGlobals) = postSolution
		SolutionGuid = {86AD0436-6757-45C7-8BD1-E116EBA95803}
	EndGlobalSection
EndGlobal
