
Microsoft Visual Studio Solution File, Format Version 12.00
# Visual Studio Version 17
VisualStudioVersion = 17.8.34330.188
MinimumVisualStudioVersion = 10.0.40219.1
Project("{9A19103F-16F7-4668-BE54-9A1E7A4F7556}") = "EmployeeBinding", "EmployeeBinding\EmployeeBinding.csproj", "{F9FDFB0B-2061-49DE-B01B-71CBB8B79154}"
EndProject
Global
	GlobalSection(SolutionConfigurationPlatforms) = preSolution
		Debug|Any CPU = Debug|Any CPU
		Release|Any CPU = Release|Any CPU
	EndGlobalSection
	GlobalSection(ProjectConfigurationPlatforms) = postSolution
		{F9FDFB0B-2061-49DE-B01B-71CBB8B79154}.Debug|Any CPU.ActiveCfg = Debug|Any CPU
		{F9FDFB0B-2061-49DE-B01B-71CBB8B79154}.Debug|Any CPU.Build.0 = Debug|Any CPU
		{F9FDFB0B-2061-49DE-B01B-71CBB8B79154}.Release|Any CPU.ActiveCfg = Release|Any CPU
		{F9FDFB0B-2061-49DE-B01B-71CBB8B79154}.Release|Any CPU.Build.0 = Release|Any CPU
	EndGlobalSection
	GlobalSection(SolutionProperties) = preSolution
		HideSolutionNode = FALSE
	EndGlobalSection
	GlobalSection(ExtensibilityGlobals) = postSolution
		SolutionGuid = {EB5FB777-70FF-419A-8069-DB00C7989242}
	EndGlobalSection
EndGlobal
